
Microsoft Visual Studio Solution File, Format Version 12.00
# Visual Studio Version 17
VisualStudioVersion = 17.5.33502.453
MinimumVisualStudioVersion = 10.0.40219.1
Project("{FAE04EC0-301F-11D3-BF4B-00C04F79EFBC}") = "WF_shambala_14-04-2023", "WF_shambala_14-04-2023.csproj", "{216B7186-9CE5-4194-970D-D87591E4CD08}"
EndProject
Global
	GlobalSection(SolutionConfigurationPlatforms) = preSolution
		Debug|Any CPU = Debug|Any CPU
		Release|Any CPU = Release|Any CPU
	EndGlobalSection
	GlobalSection(ProjectConfigurationPlatforms) = postSolution
		{216B7186-9CE5-4194-970D-D87591E4CD08}.Debug|Any CPU.ActiveCfg = Debug|Any CPU
		{216B7186-9CE5-4194-970D-D87591E4CD08}.Debug|Any CPU.Build.0 = Debug|Any CPU
		{216B7186-9CE5-4194-970D-D87591E4CD08}.Release|Any CPU.ActiveCfg = Release|Any CPU
		{216B7186-9CE5-4194-970D-D87591E4CD08}.Release|Any CPU.Build.0 = Release|Any CPU
	EndGlobalSection
	GlobalSection(SolutionProperties) = preSolution
		HideSolutionNode = FALSE
	EndGlobalSection
	GlobalSection(ExtensibilityGlobals) = postSolution
		SolutionGuid = {508BC3FF-DE86-4651-AA45-AF8F2CC6E16A}
	EndGlobalSection
EndGlobal
